
Microsoft Visual Studio Solution File, Format Version 12.00
# Visual Studio Version 17
VisualStudioVersion = 17.2.32802.462
MinimumVisualStudioVersion = 10.0.40219.1
Project("{FAE04EC0-301F-11D3-BF4B-00C04F79EFBC}") = "11_gyakorlat", "11_gyakorlat\11_gyakorlat.csproj", "{E76EC9EE-03F7-4B0C-AD09-0884540BF87F}"
EndProject
Global
	GlobalSection(SolutionConfigurationPlatforms) = preSolution
		Debug|Any CPU = Debug|Any CPU
		Release|Any CPU = Release|Any CPU
	EndGlobalSection
	GlobalSection(ProjectConfigurationPlatforms) = postSolution
		{E76EC9EE-03F7-4B0C-AD09-0884540BF87F}.Debug|Any CPU.ActiveCfg = Debug|Any CPU
		{E76EC9EE-03F7-4B0C-AD09-0884540BF87F}.Debug|Any CPU.Build.0 = Debug|Any CPU
		{E76EC9EE-03F7-4B0C-AD09-0884540BF87F}.Release|Any CPU.ActiveCfg = Release|Any CPU
		{E76EC9EE-03F7-4B0C-AD09-0884540BF87F}.Release|Any CPU.Build.0 = Release|Any CPU
	EndGlobalSection
	GlobalSection(SolutionProperties) = preSolution
		HideSolutionNode = FALSE
	EndGlobalSection
	GlobalSection(ExtensibilityGlobals) = postSolution
		SolutionGuid = {9329DCD4-5364-4700-808F-84271710F1E9}
	EndGlobalSection
EndGlobal
